schema: '2.0'
stages:
  data_ingestion:
    cmd: python src\lung_cancer_classifier\training_stages\stage_01_data_ingestion.py
    deps:
    - path: config\config.yaml
      hash: md5
      md5: 850bb0930ceb0bc258dd6313ee388dcd
      size: 788
    - path: src\lung_cancer_classifier\training_stages\stage_01_data_ingestion.py
      hash: md5
      md5: 34127337de80c625e7d2f842ff0468a3
      size: 1045
    outs:
    - path: artifacts\data_ingestion\Chest-CT-Scan-data
      hash: md5
      md5: 904fa45d934ce879b3b1933dca6cb2f1.dir
      size: 49247431
      nfiles: 343
  prepare_base_model:
    cmd: python src\lung_cancer_classifier\training_stages\stage_02_prepare_base_model.py
    deps:
    - path: config\config.yaml
      hash: md5
      md5: 850bb0930ceb0bc258dd6313ee388dcd
      size: 788
    - path: params.yaml
      hash: md5
      md5: 0214a968c781c259b718f5c9c62f2fe0
      size: 172
    - path: src\lung_cancer_classifier\training_stages\stage_02_prepare_base_model.py
      hash: md5
      md5: 158383fc3ecce8fa6e646c2d239b3c6e
      size: 1107
    params:
      params.yaml:
        CLASSES: 2
        IMAGE_SIZE:
        - 224
        - 224
        - 3
        INCLUDE_TOP: false
        LEARNING_RATE: 0.001
        WEIGHTS: imagenet
    outs:
    - path: artifacts\prepare_base_model
      hash: md5
      md5: 60abf63437cbb198eb76cf57513cc244.dir
      size: 143527560
      nfiles: 2
